
Microsoft Visual Studio Solution File, Format Version 12.00
# Visual Studio Version 17
VisualStudioVersion = 17.0.32014.148
MinimumVisualStudioVersion = 10.0.40219.1
Project("{FAE04EC0-301F-11D3-BF4B-00C04F79EFBC}") = "OldGloryLPB", "OldGloryLPB.csproj", "{B4A9B874-0C75-4F1E-B61B-01036402EE7E}"
EndProject
Global
	GlobalSection(SolutionConfigurationPlatforms) = preSolution
		Debug|Any CPU = Debug|Any CPU
		Release|Any CPU = Release|Any CPU
	EndGlobalSection
	GlobalSection(ProjectConfigurationPlatforms) = postSolution
		{B4A9B874-0C75-4F1E-B61B-01036402EE7E}.Debug|Any CPU.ActiveCfg = Debug|Any CPU
		{B4A9B874-0C75-4F1E-B61B-01036402EE7E}.Debug|Any CPU.Build.0 = Debug|Any CPU
		{B4A9B874-0C75-4F1E-B61B-01036402EE7E}.Release|Any CPU.ActiveCfg = Release|Any CPU
		{B4A9B874-0C75-4F1E-B61B-01036402EE7E}.Release|Any CPU.Build.0 = Release|Any CPU
	EndGlobalSection
	GlobalSection(SolutionProperties) = preSolution
		HideSolutionNode = FALSE
	EndGlobalSection
	GlobalSection(ExtensibilityGlobals) = postSolution
		SolutionGuid = {52BD2137-2CAE-41A9-A70B-003AAEF76036}
	EndGlobalSection
EndGlobal
